
Microsoft Visual Studio Solution File, Format Version 12.00
# Visual Studio Version 16
VisualStudioVersion = 16.0.33027.164
MinimumVisualStudioVersion = 10.0.40219.1
Project("{FAE04EC0-301F-11D3-BF4B-00C04F79EFBC}") = "project.NETMVC", "project.NETMVC\project.NETMVC.csproj", "{DDBD26D9-0421-462F-A47F-96B343A0F518}"
EndProject
Global
	GlobalSection(SolutionConfigurationPlatforms) = preSolution
		Debug|Any CPU = Debug|Any CPU
		Release|Any CPU = Release|Any CPU
	EndGlobalSection
	GlobalSection(ProjectConfigurationPlatforms) = postSolution
		{DDBD26D9-0421-462F-A47F-96B343A0F518}.Debug|Any CPU.ActiveCfg = Debug|Any CPU
		{DDBD26D9-0421-462F-A47F-96B343A0F518}.Debug|Any CPU.Build.0 = Debug|Any CPU
		{DDBD26D9-0421-462F-A47F-96B343A0F518}.Release|Any CPU.ActiveCfg = Release|Any CPU
		{DDBD26D9-0421-462F-A47F-96B343A0F518}.Release|Any CPU.Build.0 = Release|Any CPU
	EndGlobalSection
	GlobalSection(SolutionProperties) = preSolution
		HideSolutionNode = FALSE
	EndGlobalSection
	GlobalSection(ExtensibilityGlobals) = postSolution
		SolutionGuid = {4B96BDF9-2D30-4D62-9737-7703BC44D3A8}
	EndGlobalSection
EndGlobal
